
Microsoft Visual Studio Solution File, Format Version 10.00
# Visual C++ Express 2008
Project("{8BC9CEB8-8B4A-11D0-8D11-00A0C91BC942}") = "Exercicio_01_pag_40", "Exercicio_01_pag_40\Exercicio_01_pag_40.vcproj", "{E27045C2-B6FB-4F11-A4DC-1BF7251945EF}"
EndProject
Global
	GlobalSection(SolutionConfigurationPlatforms) = preSolution
		Debug|Win32 = Debug|Win32
		Release|Win32 = Release|Win32
	EndGlobalSection
	GlobalSection(ProjectConfigurationPlatforms) = postSolution
		{E27045C2-B6FB-4F11-A4DC-1BF7251945EF}.Debug|Win32.ActiveCfg = Debug|Win32
		{E27045C2-B6FB-4F11-A4DC-1BF7251945EF}.Debug|Win32.Build.0 = Debug|Win32
		{E27045C2-B6FB-4F11-A4DC-1BF7251945EF}.Release|Win32.ActiveCfg = Release|Win32
		{E27045C2-B6FB-4F11-A4DC-1BF7251945EF}.Release|Win32.Build.0 = Release|Win32
	EndGlobalSection
	GlobalSection(SolutionProperties) = preSolution
		HideSolutionNode = FALSE
	EndGlobalSection
EndGlobal
