
Microsoft Visual Studio Solution File, Format Version 9.00
# Visual C++ Express 2005
Project("{8BC9CEB8-8B4A-11D0-8D11-00A0C91BC942}") = "Exercicio_7.20", "Exercicio_7.20\Exercicio_7.20.vcproj", "{012807E7-67EB-406A-856D-769E5F2B7E5E}"
EndProject
Global
	GlobalSection(SolutionConfigurationPlatforms) = preSolution
		Debug|Win32 = Debug|Win32
		Release|Win32 = Release|Win32
	EndGlobalSection
	GlobalSection(ProjectConfigurationPlatforms) = postSolution
		{012807E7-67EB-406A-856D-769E5F2B7E5E}.Debug|Win32.ActiveCfg = Debug|Win32
		{012807E7-67EB-406A-856D-769E5F2B7E5E}.Debug|Win32.Build.0 = Debug|Win32
		{012807E7-67EB-406A-856D-769E5F2B7E5E}.Release|Win32.ActiveCfg = Release|Win32
		{012807E7-67EB-406A-856D-769E5F2B7E5E}.Release|Win32.Build.0 = Release|Win32
	EndGlobalSection
	GlobalSection(SolutionProperties) = preSolution
		HideSolutionNode = FALSE
	EndGlobalSection
EndGlobal
