
Microsoft Visual Studio Solution File, Format Version 9.00
# Visual C++ Express 2005
Project("{8BC9CEB8-8B4A-11D0-8D11-00A0C91BC942}") = "Execicio_7.7", "Execicio_7.7\Execicio_7.7.vcproj", "{23697E8E-FE74-4249-A3F9-7089780E86DA}"
EndProject
Global
	GlobalSection(SolutionConfigurationPlatforms) = preSolution
		Debug|Win32 = Debug|Win32
		Release|Win32 = Release|Win32
	EndGlobalSection
	GlobalSection(ProjectConfigurationPlatforms) = postSolution
		{23697E8E-FE74-4249-A3F9-7089780E86DA}.Debug|Win32.ActiveCfg = Debug|Win32
		{23697E8E-FE74-4249-A3F9-7089780E86DA}.Debug|Win32.Build.0 = Debug|Win32
		{23697E8E-FE74-4249-A3F9-7089780E86DA}.Release|Win32.ActiveCfg = Release|Win32
		{23697E8E-FE74-4249-A3F9-7089780E86DA}.Release|Win32.Build.0 = Release|Win32
	EndGlobalSection
	GlobalSection(SolutionProperties) = preSolution
		HideSolutionNode = FALSE
	EndGlobalSection
EndGlobal
