
Microsoft Visual Studio Solution File, Format Version 9.00
# Visual C++ Express 2005
Project("{8BC9CEB8-8B4A-11D0-8D11-00A0C91BC942}") = "Exercicio_ponteiros_1", "Exercicio_ponteiros_1\Exercicio_ponteiros_1.vcproj", "{E273FE71-7EB3-437F-A59C-44ACDF4CF1E1}"
EndProject
Global
	GlobalSection(SolutionConfigurationPlatforms) = preSolution
		Debug|Win32 = Debug|Win32
		Release|Win32 = Release|Win32
	EndGlobalSection
	GlobalSection(ProjectConfigurationPlatforms) = postSolution
		{E273FE71-7EB3-437F-A59C-44ACDF4CF1E1}.Debug|Win32.ActiveCfg = Debug|Win32
		{E273FE71-7EB3-437F-A59C-44ACDF4CF1E1}.Debug|Win32.Build.0 = Debug|Win32
		{E273FE71-7EB3-437F-A59C-44ACDF4CF1E1}.Release|Win32.ActiveCfg = Release|Win32
		{E273FE71-7EB3-437F-A59C-44ACDF4CF1E1}.Release|Win32.Build.0 = Release|Win32
	EndGlobalSection
	GlobalSection(SolutionProperties) = preSolution
		HideSolutionNode = FALSE
	EndGlobalSection
EndGlobal
