
Microsoft Visual Studio Solution File, Format Version 10.00
# Visual C++ Express 2008
Project("{8BC9CEB8-8B4A-11D0-8D11-00A0C91BC942}") = "Exercicio_08_pag_66", "Exercicio_08_pag_66\Exercicio_08_pag_66.vcproj", "{5B10EDAC-5B6C-41D2-A751-33815099818C}"
EndProject
Global
	GlobalSection(SolutionConfigurationPlatforms) = preSolution
		Debug|Win32 = Debug|Win32
		Release|Win32 = Release|Win32
	EndGlobalSection
	GlobalSection(ProjectConfigurationPlatforms) = postSolution
		{5B10EDAC-5B6C-41D2-A751-33815099818C}.Debug|Win32.ActiveCfg = Debug|Win32
		{5B10EDAC-5B6C-41D2-A751-33815099818C}.Debug|Win32.Build.0 = Debug|Win32
		{5B10EDAC-5B6C-41D2-A751-33815099818C}.Release|Win32.ActiveCfg = Release|Win32
		{5B10EDAC-5B6C-41D2-A751-33815099818C}.Release|Win32.Build.0 = Release|Win32
	EndGlobalSection
	GlobalSection(SolutionProperties) = preSolution
		HideSolutionNode = FALSE
	EndGlobalSection
EndGlobal
