
Microsoft Visual Studio Solution File, Format Version 10.00
# Visual C++ Express 2008
Project("{8BC9CEB8-8B4A-11D0-8D11-00A0C91BC942}") = "Exercicio_03_pag_28", "Exercicio_03_pag_28\Exercicio_03_pag_28.vcproj", "{49848EB7-342D-4813-A291-5C5EF9C684BA}"
EndProject
Global
	GlobalSection(SolutionConfigurationPlatforms) = preSolution
		Debug|Win32 = Debug|Win32
		Release|Win32 = Release|Win32
	EndGlobalSection
	GlobalSection(ProjectConfigurationPlatforms) = postSolution
		{49848EB7-342D-4813-A291-5C5EF9C684BA}.Debug|Win32.ActiveCfg = Debug|Win32
		{49848EB7-342D-4813-A291-5C5EF9C684BA}.Debug|Win32.Build.0 = Debug|Win32
		{49848EB7-342D-4813-A291-5C5EF9C684BA}.Release|Win32.ActiveCfg = Release|Win32
		{49848EB7-342D-4813-A291-5C5EF9C684BA}.Release|Win32.Build.0 = Release|Win32
	EndGlobalSection
	GlobalSection(SolutionProperties) = preSolution
		HideSolutionNode = FALSE
	EndGlobalSection
EndGlobal
