
Microsoft Visual Studio Solution File, Format Version 10.00
# Visual C++ Express 2008
Project("{8BC9CEB8-8B4A-11D0-8D11-00A0C91BC942}") = "Exercicio_Funcoes_01", "Exercicio_Funcoes_01\Exercicio_Funcoes_01.vcproj", "{2321B3FF-9A27-4017-AF0D-5484F96DEAAD}"
EndProject
Global
	GlobalSection(SolutionConfigurationPlatforms) = preSolution
		Debug|Win32 = Debug|Win32
		Release|Win32 = Release|Win32
	EndGlobalSection
	GlobalSection(ProjectConfigurationPlatforms) = postSolution
		{2321B3FF-9A27-4017-AF0D-5484F96DEAAD}.Debug|Win32.ActiveCfg = Debug|Win32
		{2321B3FF-9A27-4017-AF0D-5484F96DEAAD}.Debug|Win32.Build.0 = Debug|Win32
		{2321B3FF-9A27-4017-AF0D-5484F96DEAAD}.Release|Win32.ActiveCfg = Release|Win32
		{2321B3FF-9A27-4017-AF0D-5484F96DEAAD}.Release|Win32.Build.0 = Release|Win32
	EndGlobalSection
	GlobalSection(SolutionProperties) = preSolution
		HideSolutionNode = FALSE
	EndGlobalSection
EndGlobal
