
Microsoft Visual Studio Solution File, Format Version 9.00
# Visual C++ Express 2005
Project("{8BC9CEB8-8B4A-11D0-8D11-00A0C91BC942}") = "Exercicio_7.10", "Exercicio_7.10\Exercicio_7.10.vcproj", "{B51EAF12-B332-45F5-8850-33B4EC17A24B}"
EndProject
Global
	GlobalSection(SolutionConfigurationPlatforms) = preSolution
		Debug|Win32 = Debug|Win32
		Release|Win32 = Release|Win32
	EndGlobalSection
	GlobalSection(ProjectConfigurationPlatforms) = postSolution
		{B51EAF12-B332-45F5-8850-33B4EC17A24B}.Debug|Win32.ActiveCfg = Debug|Win32
		{B51EAF12-B332-45F5-8850-33B4EC17A24B}.Debug|Win32.Build.0 = Debug|Win32
		{B51EAF12-B332-45F5-8850-33B4EC17A24B}.Release|Win32.ActiveCfg = Release|Win32
		{B51EAF12-B332-45F5-8850-33B4EC17A24B}.Release|Win32.Build.0 = Release|Win32
	EndGlobalSection
	GlobalSection(SolutionProperties) = preSolution
		HideSolutionNode = FALSE
	EndGlobalSection
EndGlobal
