
Microsoft Visual Studio Solution File, Format Version 9.00
# Visual C++ Express 2005
Project("{8BC9CEB8-8B4A-11D0-8D11-00A0C91BC942}") = "Exercicio_Unioes_1", "Exercicio_Unioes_1\Exercicio_Unioes_1.vcproj", "{A59EDC86-ED58-44AA-93DC-C5DF6D7862C7}"
EndProject
Global
	GlobalSection(SolutionConfigurationPlatforms) = preSolution
		Debug|Win32 = Debug|Win32
		Release|Win32 = Release|Win32
	EndGlobalSection
	GlobalSection(ProjectConfigurationPlatforms) = postSolution
		{A59EDC86-ED58-44AA-93DC-C5DF6D7862C7}.Debug|Win32.ActiveCfg = Debug|Win32
		{A59EDC86-ED58-44AA-93DC-C5DF6D7862C7}.Debug|Win32.Build.0 = Debug|Win32
		{A59EDC86-ED58-44AA-93DC-C5DF6D7862C7}.Release|Win32.ActiveCfg = Release|Win32
		{A59EDC86-ED58-44AA-93DC-C5DF6D7862C7}.Release|Win32.Build.0 = Release|Win32
	EndGlobalSection
	GlobalSection(SolutionProperties) = preSolution
		HideSolutionNode = FALSE
	EndGlobalSection
EndGlobal
