
Microsoft Visual Studio Solution File, Format Version 10.00
# Visual C++ Express 2008
Project("{8BC9CEB8-8B4A-11D0-8D11-00A0C91BC942}") = "Exercicio_1", "Exercicio_1\Exercicio_1.vcproj", "{E5BEF447-F93D-41B5-B2C8-93262653302F}"
EndProject
Global
	GlobalSection(SolutionConfigurationPlatforms) = preSolution
		Debug|Win32 = Debug|Win32
		Release|Win32 = Release|Win32
	EndGlobalSection
	GlobalSection(ProjectConfigurationPlatforms) = postSolution
		{E5BEF447-F93D-41B5-B2C8-93262653302F}.Debug|Win32.ActiveCfg = Debug|Win32
		{E5BEF447-F93D-41B5-B2C8-93262653302F}.Debug|Win32.Build.0 = Debug|Win32
		{E5BEF447-F93D-41B5-B2C8-93262653302F}.Release|Win32.ActiveCfg = Release|Win32
		{E5BEF447-F93D-41B5-B2C8-93262653302F}.Release|Win32.Build.0 = Release|Win32
	EndGlobalSection
	GlobalSection(SolutionProperties) = preSolution
		HideSolutionNode = FALSE
	EndGlobalSection
EndGlobal
