
Microsoft Visual Studio Solution File, Format Version 9.00
# Visual C++ Express 2005
Project("{8BC9CEB8-8B4A-11D0-8D11-00A0C91BC942}") = "Campo_Minado", "Campo_Minado\Campo_Minado.vcproj", "{7C8CD592-B151-4EB5-93A9-13E8FB391D88}"
EndProject
Global
	GlobalSection(SolutionConfigurationPlatforms) = preSolution
		Debug|Win32 = Debug|Win32
		Release|Win32 = Release|Win32
	EndGlobalSection
	GlobalSection(ProjectConfigurationPlatforms) = postSolution
		{7C8CD592-B151-4EB5-93A9-13E8FB391D88}.Debug|Win32.ActiveCfg = Debug|Win32
		{7C8CD592-B151-4EB5-93A9-13E8FB391D88}.Debug|Win32.Build.0 = Debug|Win32
		{7C8CD592-B151-4EB5-93A9-13E8FB391D88}.Release|Win32.ActiveCfg = Release|Win32
		{7C8CD592-B151-4EB5-93A9-13E8FB391D88}.Release|Win32.Build.0 = Release|Win32
	EndGlobalSection
	GlobalSection(SolutionProperties) = preSolution
		HideSolutionNode = FALSE
	EndGlobalSection
EndGlobal
