
Microsoft Visual Studio Solution File, Format Version 9.00
# Visual C++ Express 2005
Project("{8BC9CEB8-8B4A-11D0-8D11-00A0C91BC942}") = "Exercicio_7.19", "Exercicio_7.19\Exercicio_7.19.vcproj", "{05D741E3-13C6-4C03-8BF5-5AA5DA538350}"
EndProject
Global
	GlobalSection(SolutionConfigurationPlatforms) = preSolution
		Debug|Win32 = Debug|Win32
		Release|Win32 = Release|Win32
	EndGlobalSection
	GlobalSection(ProjectConfigurationPlatforms) = postSolution
		{05D741E3-13C6-4C03-8BF5-5AA5DA538350}.Debug|Win32.ActiveCfg = Debug|Win32
		{05D741E3-13C6-4C03-8BF5-5AA5DA538350}.Debug|Win32.Build.0 = Debug|Win32
		{05D741E3-13C6-4C03-8BF5-5AA5DA538350}.Release|Win32.ActiveCfg = Release|Win32
		{05D741E3-13C6-4C03-8BF5-5AA5DA538350}.Release|Win32.Build.0 = Release|Win32
	EndGlobalSection
	GlobalSection(SolutionProperties) = preSolution
		HideSolutionNode = FALSE
	EndGlobalSection
EndGlobal
