
Microsoft Visual Studio Solution File, Format Version 9.00
# Visual C++ Express 2005
Project("{8BC9CEB8-8B4A-11D0-8D11-00A0C91BC942}") = "Exercicio_6.9", "Exercicio_6.9\Exercicio_6.9.vcproj", "{0AC79591-164A-4200-BD67-358958F62D61}"
EndProject
Global
	GlobalSection(SolutionConfigurationPlatforms) = preSolution
		Debug|Win32 = Debug|Win32
		Release|Win32 = Release|Win32
	EndGlobalSection
	GlobalSection(ProjectConfigurationPlatforms) = postSolution
		{0AC79591-164A-4200-BD67-358958F62D61}.Debug|Win32.ActiveCfg = Debug|Win32
		{0AC79591-164A-4200-BD67-358958F62D61}.Debug|Win32.Build.0 = Debug|Win32
		{0AC79591-164A-4200-BD67-358958F62D61}.Release|Win32.ActiveCfg = Release|Win32
		{0AC79591-164A-4200-BD67-358958F62D61}.Release|Win32.Build.0 = Release|Win32
	EndGlobalSection
	GlobalSection(SolutionProperties) = preSolution
		HideSolutionNode = FALSE
	EndGlobalSection
EndGlobal
