
Microsoft Visual Studio Solution File, Format Version 10.00
# Visual C++ Express 2008
Project("{8BC9CEB8-8B4A-11D0-8D11-00A0C91BC942}") = "Prova_1_Exercicio_1", "Prova_1_Exercicio_1\Prova_1_Exercicio_1.vcproj", "{4EEC964E-F717-484D-B9C6-DEB2E09E162F}"
EndProject
Global
	GlobalSection(SolutionConfigurationPlatforms) = preSolution
		Debug|Win32 = Debug|Win32
		Release|Win32 = Release|Win32
	EndGlobalSection
	GlobalSection(ProjectConfigurationPlatforms) = postSolution
		{4EEC964E-F717-484D-B9C6-DEB2E09E162F}.Debug|Win32.ActiveCfg = Debug|Win32
		{4EEC964E-F717-484D-B9C6-DEB2E09E162F}.Debug|Win32.Build.0 = Debug|Win32
		{4EEC964E-F717-484D-B9C6-DEB2E09E162F}.Release|Win32.ActiveCfg = Release|Win32
		{4EEC964E-F717-484D-B9C6-DEB2E09E162F}.Release|Win32.Build.0 = Release|Win32
	EndGlobalSection
	GlobalSection(SolutionProperties) = preSolution
		HideSolutionNode = FALSE
	EndGlobalSection
EndGlobal
