
Microsoft Visual Studio Solution File, Format Version 10.00
# Visual C++ Express 2008
Project("{8BC9CEB8-8B4A-11D0-8D11-00A0C91BC942}") = "Exercicio_01_pag_25", "Exercicio_01_pag_25\Exercicio_01_pag_25.vcproj", "{4BAE471F-8087-4191-8192-9E6B51D40102}"
EndProject
Global
	GlobalSection(SolutionConfigurationPlatforms) = preSolution
		Debug|Win32 = Debug|Win32
		Release|Win32 = Release|Win32
	EndGlobalSection
	GlobalSection(ProjectConfigurationPlatforms) = postSolution
		{4BAE471F-8087-4191-8192-9E6B51D40102}.Debug|Win32.ActiveCfg = Debug|Win32
		{4BAE471F-8087-4191-8192-9E6B51D40102}.Debug|Win32.Build.0 = Debug|Win32
		{4BAE471F-8087-4191-8192-9E6B51D40102}.Release|Win32.ActiveCfg = Release|Win32
		{4BAE471F-8087-4191-8192-9E6B51D40102}.Release|Win32.Build.0 = Release|Win32
	EndGlobalSection
	GlobalSection(SolutionProperties) = preSolution
		HideSolutionNode = FALSE
	EndGlobalSection
EndGlobal
